github.com/go-kratos/kratos/v2 v2.9.2 h1:px8GJQBeLpquDKQWQ9zohEWiLA8n4D/pv7aH3asvUvo=
github.com/go-kratos/kratos/v2 v2.9.2/go.mod h1:Jc7jaeYd4RAPjetun2C+oFAOO7HNMHTT/Z4LxpuEDJM=
github.com/google/go-cmp v0.7.0 h1:wk8382ETsv4JYUZwIsn6YpYiWiBsYLSJiTsyBybVuN8=
github.com/google/go-cmp v0.7.0/go.mod h1:pXiqmnSA92OHEEa9HXL2W4E7lf9JzCmGVUdgjX3N/iU=
github.com/tx7do/kratos-bootstrap/api v0.0.29 h1:AbUVChlcf/XumYddrMYc0TakEA/KKYrPqgOszcYX11c=
github.com/tx7do/kratos-bootstrap/api v0.0.29/go.mod h1:AY93mp9AtZyalpgy1nzkID2aoB/YJALWVHaDeL//ICc=
github.com/tx7do/kratos-bootstrap/api v0.0.31/go.mod h1:zQC3px7QH4Bb/7J8x5hjJtoUFZIGMV1dF/Lu6uA10OQ=
google.golang.org/protobuf v1.36.10 h1:AYd7cD/uASjIL6Q9LiTjz8JLcrh/88q5UObnmY3aOOE=
google.golang.org/protobuf v1.36.10/go.mod h1:HTf+CrKn2C3g5S8VImy6tdcUvCska2kB7j23XfzDpco=
google.golang.org/protobuf v1.36.11/go.mod h1:HTf+CrKn2C3g5S8VImy6tdcUvCska2kB7j23XfzDpco=
